
Microsoft Visual Studio Solution File, Format Version 12.00
# Visual Studio 14
VisualStudioVersion = 14.0.25123.0
MinimumVisualStudioVersion = 10.0.40219.1
Project("{FAE04EC0-301F-11D3-BF4B-00C04F79EFBC}") = "SharedResourceMapCheck.Engine", "SharedResourceMapCheck.Engine\SharedResourceMapCheck.Engine.csproj", "{493472ED-2D3C-4C9C-B4B7-964A8834C40B}"
EndProject
Project("{FAE04EC0-301F-11D3-BF4B-00C04F79EFBC}") = "SharedResourceMapCheck.Service", "SharedResourceMapCheck.Service\SharedResourceMapCheck.Service.csproj", "{8F5CA287-3A79-4091-93A3-BDC4A2717848}"
EndProject
Project("{FAE04EC0-301F-11D3-BF4B-00C04F79EFBC}") = "SharedResourceMapCheck.Test", "SharedResourceMapCheck.Test\SharedResourceMapCheck.Test.csproj", "{B48323A9-07CF-4C8B-AE0B-9E750C092946}"
EndProject
Project("{2150E333-8FDC-42A3-9474-1A3956D46DE8}") = "Setup", "Setup", "{7EC4F56C-A449-45CC-9062-AB98FAEF0BFC}"
EndProject
Project("{930C7802-8A8C-48F9-8165-68863BCCD9DD}") = "SharedResourceMapCheckSetup", "SharedResourceMapCheckSetup\SharedResourceMapCheckSetup.wixproj", "{F7076ECD-BDE7-4A6E-9C39-551A385A33A0}"
EndProject
Project("{FAE04EC0-301F-11D3-BF4B-00C04F79EFBC}") = "SgripsDatabase", "..\SgripsDatabase\SgripsDatabase.csproj", "{B312D471-421B-4251-B3FB-752E5C255EA1}"
EndProject
Global
	GlobalSection(SolutionConfigurationPlatforms) = preSolution
		Debug|Any CPU = Debug|Any CPU
		Debug|x86 = Debug|x86
		Release|Any CPU = Release|Any CPU
		Release|x86 = Release|x86
	EndGlobalSection
	GlobalSection(ProjectConfigurationPlatforms) = postSolution
		{493472ED-2D3C-4C9C-B4B7-964A8834C40B}.Debug|Any CPU.ActiveCfg = Debug|Any CPU
		{493472ED-2D3C-4C9C-B4B7-964A8834C40B}.Debug|Any CPU.Build.0 = Debug|Any CPU
		{493472ED-2D3C-4C9C-B4B7-964A8834C40B}.Debug|x86.ActiveCfg = Debug|Any CPU
		{493472ED-2D3C-4C9C-B4B7-964A8834C40B}.Debug|x86.Build.0 = Debug|Any CPU
		{493472ED-2D3C-4C9C-B4B7-964A8834C40B}.Release|Any CPU.ActiveCfg = Release|Any CPU
		{493472ED-2D3C-4C9C-B4B7-964A8834C40B}.Release|Any CPU.Build.0 = Release|Any CPU
		{493472ED-2D3C-4C9C-B4B7-964A8834C40B}.Release|x86.ActiveCfg = Release|Any CPU
		{493472ED-2D3C-4C9C-B4B7-964A8834C40B}.Release|x86.Build.0 = Release|Any CPU
		{8F5CA287-3A79-4091-93A3-BDC4A2717848}.Debug|Any CPU.ActiveCfg = Debug|Any CPU
		{8F5CA287-3A79-4091-93A3-BDC4A2717848}.Debug|Any CPU.Build.0 = Debug|Any CPU
		{8F5CA287-3A79-4091-93A3-BDC4A2717848}.Debug|x86.ActiveCfg = Debug|Any CPU
		{8F5CA287-3A79-4091-93A3-BDC4A2717848}.Debug|x86.Build.0 = Debug|Any CPU
		{8F5CA287-3A79-4091-93A3-BDC4A2717848}.Release|Any CPU.ActiveCfg = Release|Any CPU
		{8F5CA287-3A79-4091-93A3-BDC4A2717848}.Release|Any CPU.Build.0 = Release|Any CPU
		{8F5CA287-3A79-4091-93A3-BDC4A2717848}.Release|x86.ActiveCfg = Release|Any CPU
		{8F5CA287-3A79-4091-93A3-BDC4A2717848}.Release|x86.Build.0 = Release|Any CPU
		{B48323A9-07CF-4C8B-AE0B-9E750C092946}.Debug|Any CPU.ActiveCfg = Debug|Any CPU
		{B48323A9-07CF-4C8B-AE0B-9E750C092946}.Debug|Any CPU.Build.0 = Debug|Any CPU
		{B48323A9-07CF-4C8B-AE0B-9E750C092946}.Debug|x86.ActiveCfg = Debug|Any CPU
		{B48323A9-07CF-4C8B-AE0B-9E750C092946}.Debug|x86.Build.0 = Debug|Any CPU
		{B48323A9-07CF-4C8B-AE0B-9E750C092946}.Release|Any CPU.ActiveCfg = Release|Any CPU
		{B48323A9-07CF-4C8B-AE0B-9E750C092946}.Release|Any CPU.Build.0 = Release|Any CPU
		{B48323A9-07CF-4C8B-AE0B-9E750C092946}.Release|x86.ActiveCfg = Release|Any CPU
		{B48323A9-07CF-4C8B-AE0B-9E750C092946}.Release|x86.Build.0 = Release|Any CPU
		{F7076ECD-BDE7-4A6E-9C39-551A385A33A0}.Debug|Any CPU.ActiveCfg = Debug|x86
		{F7076ECD-BDE7-4A6E-9C39-551A385A33A0}.Debug|x86.ActiveCfg = Debug|x86
		{F7076ECD-BDE7-4A6E-9C39-551A385A33A0}.Debug|x86.Build.0 = Debug|x86
		{F7076ECD-BDE7-4A6E-9C39-551A385A33A0}.Release|Any CPU.ActiveCfg = Release|x86
		{F7076ECD-BDE7-4A6E-9C39-551A385A33A0}.Release|x86.ActiveCfg = Release|x86
		{F7076ECD-BDE7-4A6E-9C39-551A385A33A0}.Release|x86.Build.0 = Release|x86
		{B312D471-421B-4251-B3FB-752E5C255EA1}.Debug|Any CPU.ActiveCfg = Debug|Any CPU
		{B312D471-421B-4251-B3FB-752E5C255EA1}.Debug|Any CPU.Build.0 = Debug|Any CPU
		{B312D471-421B-4251-B3FB-752E5C255EA1}.Debug|x86.ActiveCfg = Debug|Any CPU
		{B312D471-421B-4251-B3FB-752E5C255EA1}.Debug|x86.Build.0 = Debug|Any CPU
		{B312D471-421B-4251-B3FB-752E5C255EA1}.Release|Any CPU.ActiveCfg = Release|Any CPU
		{B312D471-421B-4251-B3FB-752E5C255EA1}.Release|Any CPU.Build.0 = Release|Any CPU
		{B312D471-421B-4251-B3FB-752E5C255EA1}.Release|x86.ActiveCfg = Release|Any CPU
		{B312D471-421B-4251-B3FB-752E5C255EA1}.Release|x86.Build.0 = Release|Any CPU
	EndGlobalSection
	GlobalSection(SolutionProperties) = preSolution
		HideSolutionNode = FALSE
	EndGlobalSection
	GlobalSection(NestedProjects) = preSolution
		{F7076ECD-BDE7-4A6E-9C39-551A385A33A0} = {7EC4F56C-A449-45CC-9062-AB98FAEF0BFC}
	EndGlobalSection
	GlobalSection(TeamFoundationVersionControl) = preSolution
		SccNumberOfProjects = 5
		SccEnterpriseProvider = {4CA58AB2-18FA-4F8D-95D4-32DDF27D184C}
		SccTeamFoundationServer = https://asgrignoli.visualstudio.com/defaultcollection
		SccProjectUniqueName0 = SharedResourceMapCheck.Engine\\SharedResourceMapCheck.Engine.csproj
		SccProjectName0 = SharedResourceMapCheck.Engine
		SccAuxPath0 = https://asgrignoli.visualstudio.com/defaultcollection
		SccLocalPath0 = SharedResourceMapCheck.Engine
		SccProvider0 = {4CA58AB2-18FA-4F8D-95D4-32DDF27D184C}
		SccProjectUniqueName1 = SharedResourceMapCheck.Service\\SharedResourceMapCheck.Service.csproj
		SccProjectName1 = SharedResourceMapCheck.Service
		SccAuxPath1 = https://asgrignoli.visualstudio.com/defaultcollection
		SccLocalPath1 = SharedResourceMapCheck.Service
		SccProvider1 = {4CA58AB2-18FA-4F8D-95D4-32DDF27D184C}
		SccProjectUniqueName2 = SharedResourceMapCheck.Test\\SharedResourceMapCheck.Test.csproj
		SccProjectName2 = SharedResourceMapCheck.Test
		SccAuxPath2 = https://asgrignoli.visualstudio.com/defaultcollection
		SccLocalPath2 = SharedResourceMapCheck.Test
		SccProvider2 = {4CA58AB2-18FA-4F8D-95D4-32DDF27D184C}
		SccProjectUniqueName3 = SharedResourceMapCheckSetup\\SharedResourceMapCheckSetup.wixproj
		SccProjectTopLevelParentUniqueName3 = SharedResourceMapCheck.sln
		SccProjectName3 = SharedResourceMapCheckSetup
		SccAuxPath3 = https://asgrignoli.visualstudio.com/defaultcollection
		SccLocalPath3 = SharedResourceMapCheckSetup
		SccProvider3 = {4CA58AB2-18FA-4F8D-95D4-32DDF27D184C}
		SccProjectUniqueName4 = ..\\SgripsDatabase\\SgripsDatabase.csproj
		SccProjectName4 = ../SgripsDatabase
		SccAuxPath4 = https://asgrignoli.visualstudio.com/defaultcollection
		SccLocalPath4 = ..\\SgripsDatabase
		SccProvider4 = {4CA58AB2-18FA-4F8D-95D4-32DDF27D184C}
	EndGlobalSection
EndGlobal
